
Microsoft Visual Studio Solution File, Format Version 12.00
# Visual Studio Version 17
VisualStudioVersion = 17.5.33516.290
MinimumVisualStudioVersion = 10.0.40219.1
Project("{FAE04EC0-301F-11D3-BF4B-00C04F79EFBC}") = "AlbumMVC", "AlbumMVC\AlbumMVC.csproj", "{24EDC1C6-AE3A-4627-A479-6E5FC8669EE8}"
EndProject
Global
	GlobalSection(SolutionConfigurationPlatforms) = preSolution
		Debug|Any CPU = Debug|Any CPU
		Release|Any CPU = Release|Any CPU
	EndGlobalSection
	GlobalSection(ProjectConfigurationPlatforms) = postSolution
		{24EDC1C6-AE3A-4627-A479-6E5FC8669EE8}.Debug|Any CPU.ActiveCfg = Debug|Any CPU
		{24EDC1C6-AE3A-4627-A479-6E5FC8669EE8}.Debug|Any CPU.Build.0 = Debug|Any CPU
		{24EDC1C6-AE3A-4627-A479-6E5FC8669EE8}.Release|Any CPU.ActiveCfg = Release|Any CPU
		{24EDC1C6-AE3A-4627-A479-6E5FC8669EE8}.Release|Any CPU.Build.0 = Release|Any CPU
	EndGlobalSection
	GlobalSection(SolutionProperties) = preSolution
		HideSolutionNode = FALSE
	EndGlobalSection
	GlobalSection(ExtensibilityGlobals) = postSolution
		SolutionGuid = {0DF317D2-1374-4471-B01C-3BD410953941}
	EndGlobalSection
EndGlobal
